
Microsoft Visual Studio Solution File, Format Version 12.00
# Visual Studio Version 17
VisualStudioVersion = 17.6.33829.357
MinimumVisualStudioVersion = 10.0.40219.1
Project("{FAE04EC0-301F-11D3-BF4B-00C04F79EFBC}") = "CRUDusingCollectionsEmployee", "CRUDusingCollectionsEmployee.csproj", "{0DE7A7D9-68E0-4475-B9B5-D20EE16C3808}"
EndProject
Global
	GlobalSection(SolutionConfigurationPlatforms) = preSolution
		Debug|Any CPU = Debug|Any CPU
		Release|Any CPU = Release|Any CPU
	EndGlobalSection
	GlobalSection(ProjectConfigurationPlatforms) = postSolution
		{0DE7A7D9-68E0-4475-B9B5-D20EE16C3808}.Debug|Any CPU.ActiveCfg = Debug|Any CPU
		{0DE7A7D9-68E0-4475-B9B5-D20EE16C3808}.Debug|Any CPU.Build.0 = Debug|Any CPU
		{0DE7A7D9-68E0-4475-B9B5-D20EE16C3808}.Release|Any CPU.ActiveCfg = Release|Any CPU
		{0DE7A7D9-68E0-4475-B9B5-D20EE16C3808}.Release|Any CPU.Build.0 = Release|Any CPU
	EndGlobalSection
	GlobalSection(SolutionProperties) = preSolution
		HideSolutionNode = FALSE
	EndGlobalSection
	GlobalSection(ExtensibilityGlobals) = postSolution
		SolutionGuid = {E5C86A76-B675-4258-A05E-ADF557AFA9A9}
	EndGlobalSection
EndGlobal
